
Microsoft Visual Studio Solution File, Format Version 12.00
# Visual Studio 2015
Project("{FAE04EC0-301F-11D3-BF4B-00C04F79EFBC}") = "ThreadPooledAStar.CSharp", "ThreadPooledAStar.CSharp.csproj", "{7EB0162A-D844-F162-4F9F-642FF1F06796}"
EndProject
Global
	GlobalSection(SolutionConfigurationPlatforms) = preSolution
		Debug|Any CPU = Debug|Any CPU
		Release|Any CPU = Release|Any CPU
	EndGlobalSection
	GlobalSection(ProjectConfigurationPlatforms) = postSolution
		{7EB0162A-D844-F162-4F9F-642FF1F06796}.Debug|Any CPU.ActiveCfg = Debug|Any CPU
		{7EB0162A-D844-F162-4F9F-642FF1F06796}.Debug|Any CPU.Build.0 = Debug|Any CPU
		{7EB0162A-D844-F162-4F9F-642FF1F06796}.Release|Any CPU.ActiveCfg = Release|Any CPU
		{7EB0162A-D844-F162-4F9F-642FF1F06796}.Release|Any CPU.Build.0 = Release|Any CPU
	EndGlobalSection
	GlobalSection(SolutionProperties) = preSolution
		HideSolutionNode = FALSE
	EndGlobalSection
EndGlobal
